# hica.lock — auto-generated, do not edit

[[package]]
name = "json"
version = "latest"
source = "registry+pkg.hica.dev@latest"

[[package]]
name = "http"
version = "latest"
source = "registry+pkg.hica.dev@latest"

[[package]]
name = "base64"
version = "latest"
source = "registry+pkg.hica.dev@latest"
